// !$*UTF8*$!
{
	archiveVersion = 1;
	classes = {
	};
	objectVersion = 46;
	objects = {

/* Begin PBXBuildFile section */
		5F0DEC851C76578900B49CE0 /* blockly.html in Resources */ = {isa = PBXBuildFile; fileRef = 5F0DEC841C76578900B49CE0 /* blockly.html */; };
		5F0DEC871C767ACC00B49CE0 /* main.js in Resources */ = {isa = PBXBuildFile; fileRef = 5F0DEC861C767ACC00B49CE0 /* main.js */; };
		5F0DEC8B1C76815300B49CE0 /* blockly_compressed.js in Resources */ = {isa = PBXBuildFile; fileRef = 5F0DEC881C76815300B49CE0 /* blockly_compressed.js */; };
		5F0DEC8C1C76815300B49CE0 /* blocks_compressed.js in Resources */ = {isa = PBXBuildFile; fileRef = 5F0DEC891C76815300B49CE0 /* blocks_compressed.js */; };
		5F0DEC8D1C76815300B49CE0 /* en.js in Resources */ = {isa = PBXBuildFile; fileRef = 5F0DEC8A1C76815300B49CE0 /* en.js */; };
		5F0DEC8F1C76857A00B49CE0 /* javascript in Resources */ = {isa = PBXBuildFile; fileRef = 5F0DEC8E1C76857A00B49CE0 /* javascript */; };
		5F74F3401C60143400734B75 /* AppDelegate.swift in Sources */ = {isa = PBXBuildFile; fileRef = 5F74F3391C60143400734B75 /* AppDelegate.swift */; };
		5F74F3411C60143400734B75 /* Event.swift in Sources */ = {isa = PBXBuildFile; fileRef = 5F74F33A1C60143400734B75 /* Event.swift */; };
		5F74F3421C60143400734B75 /* Node.swift in Sources */ = {isa = PBXBuildFile; fileRef = 5F74F33B1C60143400734B75 /* Node.swift */; };
		5F74F3431C60143400734B75 /* NodeView.swift in Sources */ = {isa = PBXBuildFile; fileRef = 5F74F33C1C60143400734B75 /* NodeView.swift */; };
		5F74F3441C60143400734B75 /* PenAgent.swift in Sources */ = {isa = PBXBuildFile; fileRef = 5F74F33D1C60143400734B75 /* PenAgent.swift */; };
		5F74F3451C60143400734B75 /* SettingsViewController.swift in Sources */ = {isa = PBXBuildFile; fileRef = 5F74F33E1C60143400734B75 /* SettingsViewController.swift */; };
		5F74F3461C60143400734B75 /* ViewController.swift in Sources */ = {isa = PBXBuildFile; fileRef = 5F74F33F1C60143400734B75 /* ViewController.swift */; };
		5F74F3481C60146000734B75 /* Images.xcassets in Resources */ = {isa = PBXBuildFile; fileRef = 5F74F3471C60146000734B75 /* Images.xcassets */; };
		5F74F34D1C6014B700734B75 /* Main.storyboard in Resources */ = {isa = PBXBuildFile; fileRef = 5F74F34B1C6014B700734B75 /* Main.storyboard */; };
		5F74F3511C6014EA00734B75 /* LaunchScreen.xib in Resources */ = {isa = PBXBuildFile; fileRef = 5F74F34F1C6014EA00734B75 /* LaunchScreen.xib */; };
		5F74F3531C60150C00734B75 /* Info.plist in Resources */ = {isa = PBXBuildFile; fileRef = 5F74F3521C60150C00734B75 /* Info.plist */; };
		5F74F3551C60182B00734B75 /* PiperTests in Resources */ = {isa = PBXBuildFile; fileRef = 5F74F3541C60182B00734B75 /* PiperTests */; };
		5FE42CDB1C7B9BEC0095698E /* web in Resources */ = {isa = PBXBuildFile; fileRef = 5FE42CDA1C7B9BEC0095698E /* web */; };
/* End PBXBuildFile section */

/* Begin PBXContainerItemProxy section */
		EE43D4831A14A6F200311C06 /* PBXContainerItemProxy */ = {
			isa = PBXContainerItemProxy;
			containerPortal = EE43D4651A14A6F200311C06 /* Project object */;
			proxyType = 1;
			remoteGlobalIDString = EE43D46C1A14A6F200311C06;
			remoteInfo = DrawPad;
		};
/* End PBXContainerItemProxy section */

/* Begin PBXFileReference section */
		5F0DEC841C76578900B49CE0 /* blockly.html */ = {isa = PBXFileReference; fileEncoding = 4; lastKnownFileType = text.html; name = blockly.html; path = Piper/html/blockly.html; sourceTree = SOURCE_ROOT; };
		5F0DEC861C767ACC00B49CE0 /* main.js */ = {isa = PBXFileReference; fileEncoding = 4; lastKnownFileType = sourcecode.javascript; name = main.js; path = Piper/html/main.js; sourceTree = SOURCE_ROOT; };
		5F0DEC881C76815300B49CE0 /* blockly_compressed.js */ = {isa = PBXFileReference; fileEncoding = 4; lastKnownFileType = sourcecode.javascript; name = blockly_compressed.js; path = Piper/html/blockly_compressed.js; sourceTree = SOURCE_ROOT; };
		5F0DEC891C76815300B49CE0 /* blocks_compressed.js */ = {isa = PBXFileReference; fileEncoding = 4; lastKnownFileType = sourcecode.javascript; name = blocks_compressed.js; path = Piper/html/blocks_compressed.js; sourceTree = SOURCE_ROOT; };
		5F0DEC8A1C76815300B49CE0 /* en.js */ = {isa = PBXFileReference; fileEncoding = 4; lastKnownFileType = sourcecode.javascript; name = en.js; path = Piper/html/en.js; sourceTree = SOURCE_ROOT; };
		5F0DEC8E1C76857A00B49CE0 /* javascript */ = {isa = PBXFileReference; lastKnownFileType = folder; name = javascript; path = Piper/html/generators/javascript; sourceTree = SOURCE_ROOT; };
		5F74F3391C60143400734B75 /* AppDelegate.swift */ = {isa = PBXFileReference; fileEncoding = 4; lastKnownFileType = sourcecode.swift; name = AppDelegate.swift; path = Piper/AppDelegate.swift; sourceTree = SOURCE_ROOT; };
		5F74F33A1C60143400734B75 /* Event.swift */ = {isa = PBXFileReference; fileEncoding = 4; lastKnownFileType = sourcecode.swift; name = Event.swift; path = Piper/Event.swift; sourceTree = SOURCE_ROOT; };
		5F74F33B1C60143400734B75 /* Node.swift */ = {isa = PBXFileReference; fileEncoding = 4; lastKnownFileType = sourcecode.swift; name = Node.swift; path = Piper/Node.swift; sourceTree = SOURCE_ROOT; };
		5F74F33C1C60143400734B75 /* NodeView.swift */ = {isa = PBXFileReference; fileEncoding = 4; lastKnownFileType = sourcecode.swift; name = NodeView.swift; path = Piper/NodeView.swift; sourceTree = SOURCE_ROOT; };
		5F74F33D1C60143400734B75 /* PenAgent.swift */ = {isa = PBXFileReference; fileEncoding = 4; lastKnownFileType = sourcecode.swift; name = PenAgent.swift; path = Piper/PenAgent.swift; sourceTree = SOURCE_ROOT; };
		5F74F33E1C60143400734B75 /* SettingsViewController.swift */ = {isa = PBXFileReference; fileEncoding = 4; lastKnownFileType = sourcecode.swift; name = SettingsViewController.swift; path = Piper/SettingsViewController.swift; sourceTree = SOURCE_ROOT; };
		5F74F33F1C60143400734B75 /* ViewController.swift */ = {isa = PBXFileReference; fileEncoding = 4; lastKnownFileType = sourcecode.swift; name = ViewController.swift; path = Piper/ViewController.swift; sourceTree = SOURCE_ROOT; };
		5F74F3471C60146000734B75 /* Images.xcassets */ = {isa = PBXFileReference; lastKnownFileType = folder.assetcatalog; name = Images.xcassets; path = Piper/Images.xcassets; sourceTree = SOURCE_ROOT; };
		5F74F34C1C6014B700734B75 /* Base */ = {isa = PBXFileReference; lastKnownFileType = file.storyboard; name = Base; path = Piper/Base.lproj/Main.storyboard; sourceTree = SOURCE_ROOT; };
		5F74F3501C6014EA00734B75 /* Base */ = {isa = PBXFileReference; lastKnownFileType = file.xib; name = Base; path = Piper/Base.lproj/LaunchScreen.xib; sourceTree = "<group>"; };
		5F74F3521C60150C00734B75 /* Info.plist */ = {isa = PBXFileReference; fileEncoding = 4; lastKnownFileType = text.plist.xml; name = Info.plist; path = Piper/Info.plist; sourceTree = SOURCE_ROOT; };
		5F74F3541C60182B00734B75 /* PiperTests */ = {isa = PBXFileReference; lastKnownFileType = folder; path = PiperTests; sourceTree = SOURCE_ROOT; };
		5FE42CDA1C7B9BEC0095698E /* web */ = {isa = PBXFileReference; lastKnownFileType = folder; name = web; path = Piper/web; sourceTree = SOURCE_ROOT; };
		EE43D46D1A14A6F200311C06 /* Piper.app */ = {isa = PBXFileReference; explicitFileType = wrapper.application; includeInIndex = 0; path = Piper.app; sourceTree = BUILT_PRODUCTS_DIR; };
		EE43D4821A14A6F200311C06 /* Piper.xctest */ = {isa = PBXFileReference; explicitFileType = wrapper.cfbundle; includeInIndex = 0; path = Piper.xctest; sourceTree = BUILT_PRODUCTS_DIR; };
/* End PBXFileReference section */

/* Begin PBXFrameworksBuildPhase section */
		EE43D46A1A14A6F200311C06 /* Frameworks */ = {
			isa = PBXFrameworksBuildPhase;
			buildActionMask = 2147483647;
			files = (
			);
			runOnlyForDeploymentPostprocessing = 0;
		};
		EE43D47F1A14A6F200311C06 /* Frameworks */ = {
			isa = PBXFrameworksBuildPhase;
			buildActionMask = 2147483647;
			files = (
			);
			runOnlyForDeploymentPostprocessing = 0;
		};
/* End PBXFrameworksBuildPhase section */

/* Begin PBXGroup section */
		EE43D4641A14A6F200311C06 = {
			isa = PBXGroup;
			children = (
				EE43D46F1A14A6F200311C06 /* Piper */,
				EE43D46E1A14A6F200311C06 /* Products */,
			);
			sourceTree = "<group>";
		};
		EE43D46E1A14A6F200311C06 /* Products */ = {
			isa = PBXGroup;
			children = (
				EE43D46D1A14A6F200311C06 /* Piper.app */,
				EE43D4821A14A6F200311C06 /* Piper.xctest */,
			);
			name = Products;
			sourceTree = "<group>";
		};
		EE43D46F1A14A6F200311C06 /* Piper */ = {
			isa = PBXGroup;
			children = (
				5F74F34F1C6014EA00734B75 /* LaunchScreen.xib */,
				5F74F3391C60143400734B75 /* AppDelegate.swift */,
				5F74F33A1C60143400734B75 /* Event.swift */,
				5F74F33B1C60143400734B75 /* Node.swift */,
				5F74F33C1C60143400734B75 /* NodeView.swift */,
				5F74F33D1C60143400734B75 /* PenAgent.swift */,
				5F74F33E1C60143400734B75 /* SettingsViewController.swift */,
				5F0DEC841C76578900B49CE0 /* blockly.html */,
				5F0DEC8E1C76857A00B49CE0 /* javascript */,
				5F0DEC861C767ACC00B49CE0 /* main.js */,
				5F74F33F1C60143400734B75 /* ViewController.swift */,
				5FE42CDA1C7B9BEC0095698E /* web */,
				5F0DEC881C76815300B49CE0 /* blockly_compressed.js */,
				5F0DEC891C76815300B49CE0 /* blocks_compressed.js */,
				5F0DEC8A1C76815300B49CE0 /* en.js */,
				5F74F34B1C6014B700734B75 /* Main.storyboard */,
				5F74F3471C60146000734B75 /* Images.xcassets */,
				5F74F3541C60182B00734B75 /* PiperTests */,
				EE43D4701A14A6F200311C06 /* Supporting Files */,
			);
			name = Piper;
			path = DrawPad;
			sourceTree = "<group>";
		};
		EE43D4701A14A6F200311C06 /* Supporting Files */ = {
			isa = PBXGroup;
			children = (
				5F74F3521C60150C00734B75 /* Info.plist */,
			);
			name = "Supporting Files";
			sourceTree = "<group>";
		};
/* End PBXGroup section */

/* Begin PBXNativeTarget section */
		EE43D46C1A14A6F200311C06 /* Piper */ = {
			isa = PBXNativeTarget;
			buildConfigurationList = EE43D48C1A14A6F200311C06 /* Build configuration list for PBXNativeTarget "Piper" */;
			buildPhases = (
				EE43D4691A14A6F200311C06 /* Sources */,
				EE43D46A1A14A6F200311C06 /* Frameworks */,
				EE43D46B1A14A6F200311C06 /* Resources */,
			);
			buildRules = (
			);
			dependencies = (
			);
			name = Piper;
			productName = DrawPad;
			productReference = EE43D46D1A14A6F200311C06 /* Piper.app */;
			productType = "com.apple.product-type.application";
		};
		EE43D4811A14A6F200311C06 /* PiperTests */ = {
			isa = PBXNativeTarget;
			buildConfigurationList = EE43D48F1A14A6F200311C06 /* Build configuration list for PBXNativeTarget "PiperTests" */;
			buildPhases = (
				EE43D47E1A14A6F200311C06 /* Sources */,
				EE43D47F1A14A6F200311C06 /* Frameworks */,
				EE43D4801A14A6F200311C06 /* Resources */,
			);
			buildRules = (
			);
			dependencies = (
				EE43D4841A14A6F200311C06 /* PBXTargetDependency */,
			);
			name = PiperTests;
			productName = DrawPadTests;
			productReference = EE43D4821A14A6F200311C06 /* Piper.xctest */;
			productType = "com.apple.product-type.bundle.unit-test";
		};
/* End PBXNativeTarget section */

/* Begin PBXProject section */
		EE43D4651A14A6F200311C06 /* Project object */ = {
			isa = PBXProject;
			attributes = {
				LastSwiftUpdateCheck = 0730;
				LastUpgradeCheck = 0610;
				ORGANIZATIONNAME = Pixelmaid;
				TargetAttributes = {
					EE43D46C1A14A6F200311C06 = {
						CreatedOnToolsVersion = 6.1;
						DevelopmentTeam = GGBE93LPTY;
					};
					EE43D4811A14A6F200311C06 = {
						CreatedOnToolsVersion = 6.1;
						TestTargetID = EE43D46C1A14A6F200311C06;
					};
				};
			};
			buildConfigurationList = EE43D4681A14A6F200311C06 /* Build configuration list for PBXProject "Piper" */;
			compatibilityVersion = "Xcode 3.2";
			developmentRegion = English;
			hasScannedForEncodings = 0;
			knownRegions = (
				en,
				Base,
			);
			mainGroup = EE43D4641A14A6F200311C06;
			productRefGroup = EE43D46E1A14A6F200311C06 /* Products */;
			projectDirPath = "";
			projectRoot = "";
			targets = (
				EE43D46C1A14A6F200311C06 /* Piper */,
				EE43D4811A14A6F200311C06 /* PiperTests */,
			);
		};
/* End PBXProject section */

/* Begin PBXResourcesBuildPhase section */
		EE43D46B1A14A6F200311C06 /* Resources */ = {
			isa = PBXResourcesBuildPhase;
			buildActionMask = 2147483647;
			files = (
				5F74F3531C60150C00734B75 /* Info.plist in Resources */,
				5F0DEC8D1C76815300B49CE0 /* en.js in Resources */,
				5F0DEC851C76578900B49CE0 /* blockly.html in Resources */,
				5F74F3511C6014EA00734B75 /* LaunchScreen.xib in Resources */,
				5F74F3551C60182B00734B75 /* PiperTests in Resources */,
				5F0DEC8B1C76815300B49CE0 /* blockly_compressed.js in Resources */,
				5F0DEC8C1C76815300B49CE0 /* blocks_compressed.js in Resources */,
				5F0DEC871C767ACC00B49CE0 /* main.js in Resources */,
				5F0DEC8F1C76857A00B49CE0 /* javascript in Resources */,
				5FE42CDB1C7B9BEC0095698E /* web in Resources */,
				5F74F3481C60146000734B75 /* Images.xcassets in Resources */,
				5F74F34D1C6014B700734B75 /* Main.storyboard in Resources */,
			);
			runOnlyForDeploymentPostprocessing = 0;
		};
		EE43D4801A14A6F200311C06 /* Resources */ = {
			isa = PBXResourcesBuildPhase;
			buildActionMask = 2147483647;
			files = (
			);
			runOnlyForDeploymentPostprocessing = 0;
		};
/* End PBXResourcesBuildPhase section */

/* Begin PBXSourcesBuildPhase section */
		EE43D4691A14A6F200311C06 /* Sources */ = {
			isa = PBXSourcesBuildPhase;
			buildActionMask = 2147483647;
			files = (
				5F74F3461C60143400734B75 /* ViewController.swift in Sources */,
				5F74F3441C60143400734B75 /* PenAgent.swift in Sources */,
				5F74F3431C60143400734B75 /* NodeView.swift in Sources */,
				5F74F3421C60143400734B75 /* Node.swift in Sources */,
				5F74F3401C60143400734B75 /* AppDelegate.swift in Sources */,
				5F74F3411C60143400734B75 /* Event.swift in Sources */,
				5F74F3451C60143400734B75 /* SettingsViewController.swift in Sources */,
			);
			runOnlyForDeploymentPostprocessing = 0;
		};
		EE43D47E1A14A6F200311C06 /* Sources */ = {
			isa = PBXSourcesBuildPhase;
			buildActionMask = 2147483647;
			files = (
			);
			runOnlyForDeploymentPostprocessing = 0;
		};
/* End PBXSourcesBuildPhase section */

/* Begin PBXTargetDependency section */
		EE43D4841A14A6F200311C06 /* PBXTargetDependency */ = {
			isa = PBXTargetDependency;
			target = EE43D46C1A14A6F200311C06 /* Piper */;
			targetProxy = EE43D4831A14A6F200311C06 /* PBXContainerItemProxy */;
		};
/* End PBXTargetDependency section */

/* Begin PBXVariantGroup section */
		5F74F34B1C6014B700734B75 /* Main.storyboard */ = {
			isa = PBXVariantGroup;
			children = (
				5F74F34C1C6014B700734B75 /* Base */,
			);
			name = Main.storyboard;
			sourceTree = "<group>";
		};
		5F74F34F1C6014EA00734B75 /* LaunchScreen.xib */ = {
			isa = PBXVariantGroup;
			children = (
				5F74F3501C6014EA00734B75 /* Base */,
			);
			name = LaunchScreen.xib;
			path = ..;
			sourceTree = "<group>";
		};
/* End PBXVariantGroup section */

/* Begin XCBuildConfiguration section */
		EE43D48A1A14A6F200311C06 /* Debug */ = {
			isa = XCBuildConfiguration;
			buildSettings = {
				ALWAYS_SEARCH_USER_PATHS = NO;
				CLANG_CXX_LANGUAGE_STANDARD = "gnu++0x";
				CLANG_CXX_LIBRARY = "libc++";
				CLANG_ENABLE_MODULES = YES;
				CLANG_ENABLE_OBJC_ARC = YES;
				CLANG_WARN_BOOL_CONVERSION = YES;
				CLANG_WARN_CONSTANT_CONVERSION = YES;
				CLANG_WARN_DIRECT_OBJC_ISA_USAGE = YES_ERROR;
				CLANG_WARN_EMPTY_BODY = YES;
				CLANG_WARN_ENUM_CONVERSION = YES;
				CLANG_WARN_INT_CONVERSION = YES;
				CLANG_WARN_OBJC_ROOT_CLASS = YES_ERROR;
				CLANG_WARN_UNREACHABLE_CODE = YES;
				CLANG_WARN__DUPLICATE_METHOD_MATCH = YES;
				"CODE_SIGN_IDENTITY[sdk=iphoneos*]" = "iPhone Developer";
				COPY_PHASE_STRIP = NO;
				ENABLE_STRICT_OBJC_MSGSEND = YES;
				GCC_C_LANGUAGE_STANDARD = gnu99;
				GCC_DYNAMIC_NO_PIC = NO;
				GCC_OPTIMIZATION_LEVEL = 0;
				GCC_PREPROCESSOR_DEFINITIONS = (
					"DEBUG=1",
					"$(inherited)",
				);
				GCC_SYMBOLS_PRIVATE_EXTERN = NO;
				GCC_WARN_64_TO_32_BIT_CONVERSION = YES;
				GCC_WARN_ABOUT_RETURN_TYPE = YES_ERROR;
				GCC_WARN_UNDECLARED_SELECTOR = YES;
				GCC_WARN_UNINITIALIZED_AUTOS = YES_AGGRESSIVE;
				GCC_WARN_UNUSED_FUNCTION = YES;
				GCC_WARN_UNUSED_VARIABLE = YES;
				IPHONEOS_DEPLOYMENT_TARGET = 8.1;
				MTL_ENABLE_DEBUG_INFO = YES;
				ONLY_ACTIVE_ARCH = YES;
				SDKROOT = iphoneos;
				SWIFT_OPTIMIZATION_LEVEL = "-Onone";
			};
			name = Debug;
		};
		EE43D48B1A14A6F200311C06 /* Release */ = {
			isa = XCBuildConfiguration;
			buildSettings = {
				ALWAYS_SEARCH_USER_PATHS = NO;
				CLANG_CXX_LANGUAGE_STANDARD = "gnu++0x";
				CLANG_CXX_LIBRARY = "libc++";
				CLANG_ENABLE_MODULES = YES;
				CLANG_ENABLE_OBJC_ARC = YES;
				CLANG_WARN_BOOL_CONVERSION = YES;
				CLANG_WARN_CONSTANT_CONVERSION = YES;
				CLANG_WARN_DIRECT_OBJC_ISA_USAGE = YES_ERROR;
				CLANG_WARN_EMPTY_BODY = YES;
				CLANG_WARN_ENUM_CONVERSION = YES;
				CLANG_WARN_INT_CONVERSION = YES;
				CLANG_WARN_OBJC_ROOT_CLASS = YES_ERROR;
				CLANG_WARN_UNREACHABLE_CODE = YES;
				CLANG_WARN__DUPLICATE_METHOD_MATCH = YES;
				"CODE_SIGN_IDENTITY[sdk=iphoneos*]" = "iPhone Developer";
				COPY_PHASE_STRIP = YES;
				ENABLE_NS_ASSERTIONS = NO;
				ENABLE_STRICT_OBJC_MSGSEND = YES;
				GCC_C_LANGUAGE_STANDARD = gnu99;
				GCC_WARN_64_TO_32_BIT_CONVERSION = YES;
				GCC_WARN_ABOUT_RETURN_TYPE = YES_ERROR;
				GCC_WARN_UNDECLARED_SELECTOR = YES;
				GCC_WARN_UNINITIALIZED_AUTOS = YES_AGGRESSIVE;
				GCC_WARN_UNUSED_FUNCTION = YES;
				GCC_WARN_UNUSED_VARIABLE = YES;
				IPHONEOS_DEPLOYMENT_TARGET = 8.1;
				MTL_ENABLE_DEBUG_INFO = NO;
				SDKROOT = iphoneos;
				VALIDATE_PRODUCT = YES;
			};
			name = Release;
		};
		EE43D48D1A14A6F200311C06 /* Debug */ = {
			isa = XCBuildConfiguration;
			buildSettings = {
				ASSETCATALOG_COMPILER_APPICON_NAME = AppIcon;
				CODE_SIGN_IDENTITY = "iPhone Developer";
				"CODE_SIGN_IDENTITY[sdk=iphoneos*]" = "iPhone Developer";
				INFOPLIST_FILE = "$(SRCROOT)/Piper/Info.plist";
				IPHONEOS_DEPLOYMENT_TARGET = 9.2;
				LD_RUNPATH_SEARCH_PATHS = "$(inherited) @executable_path/Frameworks";
				PRODUCT_BUNDLE_IDENTIFIER = com.jacobs.Piper;
				PRODUCT_NAME = Piper;
				PROVISIONING_PROFILE = "";
				TARGETED_DEVICE_FAMILY = 2;
			};
			name = Debug;
		};
		EE43D48E1A14A6F200311C06 /* Release */ = {
			isa = XCBuildConfiguration;
			buildSettings = {
				ASSETCATALOG_COMPILER_APPICON_NAME = AppIcon;
				CODE_SIGN_IDENTITY = "iPhone Developer";
				"CODE_SIGN_IDENTITY[sdk=iphoneos*]" = "iPhone Developer";
				INFOPLIST_FILE = "$(SRCROOT)/Piper/Info.plist";
				IPHONEOS_DEPLOYMENT_TARGET = 9.2;
				LD_RUNPATH_SEARCH_PATHS = "$(inherited) @executable_path/Frameworks";
				PRODUCT_BUNDLE_IDENTIFIER = com.jacobs.Piper;
				PRODUCT_NAME = Piper;
				PROVISIONING_PROFILE = "";
				TARGETED_DEVICE_FAMILY = 2;
			};
			name = Release;
		};
		EE43D4901A14A6F200311C06 /* Debug */ = {
			isa = XCBuildConfiguration;
			buildSettings = {
				BUNDLE_LOADER = "$(TEST_HOST)";
				FRAMEWORK_SEARCH_PATHS = (
					"$(SDKROOT)/Developer/Library/Frameworks",
					"$(inherited)",
				);
				GCC_PREPROCESSOR_DEFINITIONS = (
					"DEBUG=1",
					"$(inherited)",
				);
				INFOPLIST_FILE = DrawPadTests/Info.plist;
				LD_RUNPATH_SEARCH_PATHS = "$(inherited) @executable_path/Frameworks @loader_path/Frameworks";
				PRODUCT_NAME = Piper;
				TEST_HOST = "$(BUILT_PRODUCTS_DIR)/Piper.app/Piper";
			};
			name = Debug;
		};
		EE43D4911A14A6F200311C06 /* Release */ = {
			isa = XCBuildConfiguration;
			buildSettings = {
				BUNDLE_LOADER = "$(TEST_HOST)";
				FRAMEWORK_SEARCH_PATHS = (
					"$(SDKROOT)/Developer/Library/Frameworks",
					"$(inherited)",
				);
				INFOPLIST_FILE = DrawPadTests/Info.plist;
				LD_RUNPATH_SEARCH_PATHS = "$(inherited) @executable_path/Frameworks @loader_path/Frameworks";
				PRODUCT_NAME = Piper;
				TEST_HOST = "$(BUILT_PRODUCTS_DIR)/Piper.app/Piper";
			};
			name = Release;
		};
/* End XCBuildConfiguration section */

/* Begin XCConfigurationList section */
		EE43D4681A14A6F200311C06 /* Build configuration list for PBXProject "Piper" */ = {
			isa = XCConfigurationList;
			buildConfigurations = (
				EE43D48A1A14A6F200311C06 /* Debug */,
				EE43D48B1A14A6F200311C06 /* Release */,
			);
			defaultConfigurationIsVisible = 0;
			defaultConfigurationName = Release;
		};
		EE43D48C1A14A6F200311C06 /* Build configuration list for PBXNativeTarget "Piper" */ = {
			isa = XCConfigurationList;
			buildConfigurations = (
				EE43D48D1A14A6F200311C06 /* Debug */,
				EE43D48E1A14A6F200311C06 /* Release */,
			);
			defaultConfigurationIsVisible = 0;
			defaultConfigurationName = Release;
		};
		EE43D48F1A14A6F200311C06 /* Build configuration list for PBXNativeTarget "PiperTests" */ = {
			isa = XCConfigurationList;
			buildConfigurations = (
				EE43D4901A14A6F200311C06 /* Debug */,
				EE43D4911A14A6F200311C06 /* Release */,
			);
			defaultConfigurationIsVisible = 0;
			defaultConfigurationName = Release;
		};
/* End XCConfigurationList section */
	};
	rootObject = EE43D4651A14A6F200311C06 /* Project object */;
}
